
Microsoft Visual Studio Solution File, Format Version 12.00
# Visual Studio Version 17
VisualStudioVersion = 17.0.31912.275
MinimumVisualStudioVersion = 10.0.40219.1
Project("{FAE04EC0-301F-11D3-BF4B-00C04F79EFBC}") = "Umbraco.Lexicon", "Umbraco.Lexicon\Umbraco.Lexicon.csproj", "{B2AFBE96-0B7A-46C1-801A-19871A27A87E}"
EndProject
Global
	GlobalSection(SolutionConfigurationPlatforms) = preSolution
		Debug|Any CPU = Debug|Any CPU
		Release|Any CPU = Release|Any CPU
	EndGlobalSection
	GlobalSection(ProjectConfigurationPlatforms) = postSolution
		{B2AFBE96-0B7A-46C1-801A-19871A27A87E}.Debug|Any CPU.ActiveCfg = Debug|Any CPU
		{B2AFBE96-0B7A-46C1-801A-19871A27A87E}.Debug|Any CPU.Build.0 = Debug|Any CPU
		{B2AFBE96-0B7A-46C1-801A-19871A27A87E}.Release|Any CPU.ActiveCfg = Release|Any CPU
		{B2AFBE96-0B7A-46C1-801A-19871A27A87E}.Release|Any CPU.Build.0 = Release|Any CPU
	EndGlobalSection
	GlobalSection(SolutionProperties) = preSolution
		HideSolutionNode = FALSE
	EndGlobalSection
	GlobalSection(ExtensibilityGlobals) = postSolution
		SolutionGuid = {6692F39B-CCBD-49D4-8860-B1C10A161329}
	EndGlobalSection
EndGlobal
